// !$*UTF8*$!
{
	archiveVersion = 1;
	classes = {
	};
	objectVersion = 46;
	objects = {

/* Begin PBXBuildFile section */
		6E441B7318F6EC9200B17ABE /* Foundation.framework in Frameworks */ = {isa = PBXBuildFile; fileRef = 6E441B7218F6EC9200B17ABE /* Foundation.framework */; };
		6E441B7518F6EC9200B17ABE /* CoreGraphics.framework in Frameworks */ = {isa = PBXBuildFile; fileRef = 6E441B7418F6EC9200B17ABE /* CoreGraphics.framework */; };
		6E441B7718F6EC9200B17ABE /* UIKit.framework in Frameworks */ = {isa = PBXBuildFile; fileRef = 6E441B7618F6EC9200B17ABE /* UIKit.framework */; };
		6E441B7D18F6EC9200B17ABE /* InfoPlist.strings in Resources */ = {isa = PBXBuildFile; fileRef = 6E441B7B18F6EC9200B17ABE /* InfoPlist.strings */; };
		6E441B7F18F6EC9200B17ABE /* main.m in Sources */ = {isa = PBXBuildFile; fileRef = 6E441B7E18F6EC9200B17ABE /* main.m */; };
		6E441B8318F6EC9200B17ABE /* AppDelegate.m in Sources */ = {isa = PBXBuildFile; fileRef = 6E441B8218F6EC9200B17ABE /* AppDelegate.m */; };
		6E441B8618F6EC9200B17ABE /* Main.storyboard in Resources */ = {isa = PBXBuildFile; fileRef = 6E441B8418F6EC9200B17ABE /* Main.storyboard */; };
		6E441B8B18F6EC9200B17ABE /* Images.xcassets in Resources */ = {isa = PBXBuildFile; fileRef = 6E441B8A18F6EC9200B17ABE /* Images.xcassets */; };
		6E441B9218F6EC9300B17ABE /* XCTest.framework in Frameworks */ = {isa = PBXBuildFile; fileRef = 6E441B9118F6EC9300B17ABE /* XCTest.framework */; };
		6E441B9318F6EC9300B17ABE /* Foundation.framework in Frameworks */ = {isa = PBXBuildFile; fileRef = 6E441B7218F6EC9200B17ABE /* Foundation.framework */; };
		6E441B9418F6EC9300B17ABE /* UIKit.framework in Frameworks */ = {isa = PBXBuildFile; fileRef = 6E441B7618F6EC9200B17ABE /* UIKit.framework */; };
		6E441B9C18F6EC9300B17ABE /* InfoPlist.strings in Resources */ = {isa = PBXBuildFile; fileRef = 6E441B9A18F6EC9300B17ABE /* InfoPlist.strings */; };
		6E441B9E18F6EC9300B17ABE /* FMDBExampleTests.m in Sources */ = {isa = PBXBuildFile; fileRef = 6E441B9D18F6EC9300B17ABE /* FMDBExampleTests.m */; };
		6E441BA918F6F38400B17ABE /* TableViewController.m in Sources */ = {isa = PBXBuildFile; fileRef = 6E441BA818F6F38400B17ABE /* TableViewController.m */; };
		6E441BAC18F6F8FA00B17ABE /* DataManager.m in Sources */ = {isa = PBXBuildFile; fileRef = 6E441BAB18F6F8FA00B17ABE /* DataManager.m */; };
		96B1AFD43352450F9543CF9F /* libPods.a in Frameworks */ = {isa = PBXBuildFile; fileRef = 9D5A836C25BD48C4BE0BE695 /* libPods.a */; };
/* End PBXBuildFile section */

/* Begin PBXContainerItemProxy section */
		6E441B9518F6EC9300B17ABE /* PBXContainerItemProxy */ = {
			isa = PBXContainerItemProxy;
			containerPortal = 6E441B6718F6EC9200B17ABE /* Project object */;
			proxyType = 1;
			remoteGlobalIDString = 6E441B6E18F6EC9200B17ABE;
			remoteInfo = FMDBExample;
		};
/* End PBXContainerItemProxy section */

/* Begin PBXFileReference section */
		16ED15FA6F5E45FE89C9DFF2 /* Pods.xcconfig */ = {isa = PBXFileReference; includeInIndex = 1; lastKnownFileType = text.xcconfig; name = Pods.xcconfig; path = Pods/Pods.xcconfig; sourceTree = "<group>"; };
		6E441B6F18F6EC9200B17ABE /* FMDBExample.app */ = {isa = PBXFileReference; explicitFileType = wrapper.application; includeInIndex = 0; path = FMDBExample.app; sourceTree = BUILT_PRODUCTS_DIR; };
		6E441B7218F6EC9200B17ABE /* Foundation.framework */ = {isa = PBXFileReference; lastKnownFileType = wrapper.framework; name = Foundation.framework; path = System/Library/Frameworks/Foundation.framework; sourceTree = SDKROOT; };
		6E441B7418F6EC9200B17ABE /* CoreGraphics.framework */ = {isa = PBXFileReference; lastKnownFileType = wrapper.framework; name = CoreGraphics.framework; path = System/Library/Frameworks/CoreGraphics.framework; sourceTree = SDKROOT; };
		6E441B7618F6EC9200B17ABE /* UIKit.framework */ = {isa = PBXFileReference; lastKnownFileType = wrapper.framework; name = UIKit.framework; path = System/Library/Frameworks/UIKit.framework; sourceTree = SDKROOT; };
		6E441B7A18F6EC9200B17ABE /* FMDBExample-Info.plist */ = {isa = PBXFileReference; lastKnownFileType = text.plist.xml; path = "FMDBExample-Info.plist"; sourceTree = "<group>"; };
		6E441B7C18F6EC9200B17ABE /* en */ = {isa = PBXFileReference; lastKnownFileType = text.plist.strings; name = en; path = en.lproj/InfoPlist.strings; sourceTree = "<group>"; };
		6E441B7E18F6EC9200B17ABE /* main.m */ = {isa = PBXFileReference; lastKnownFileType = sourcecode.c.objc; path = main.m; sourceTree = "<group>"; };
		6E441B8018F6EC9200B17ABE /* FMDBExample-Prefix.pch */ = {isa = PBXFileReference; lastKnownFileType = sourcecode.c.h; path = "FMDBExample-Prefix.pch"; sourceTree = "<group>"; };
		6E441B8118F6EC9200B17ABE /* AppDelegate.h */ = {isa = PBXFileReference; lastKnownFileType = sourcecode.c.h; path = AppDelegate.h; sourceTree = "<group>"; };
		6E441B8218F6EC9200B17ABE /* AppDelegate.m */ = {isa = PBXFileReference; lastKnownFileType = sourcecode.c.objc; path = AppDelegate.m; sourceTree = "<group>"; };
		6E441B8518F6EC9200B17ABE /* Base */ = {isa = PBXFileReference; lastKnownFileType = file.storyboard; name = Base; path = Base.lproj/Main.storyboard; sourceTree = "<group>"; };
		6E441B8A18F6EC9200B17ABE /* Images.xcassets */ = {isa = PBXFileReference; lastKnownFileType = folder.assetcatalog; path = Images.xcassets; sourceTree = "<group>"; };
		6E441B9018F6EC9300B17ABE /* FMDBExampleTests.xctest */ = {isa = PBXFileReference; explicitFileType = wrapper.cfbundle; includeInIndex = 0; path = FMDBExampleTests.xctest; sourceTree = BUILT_PRODUCTS_DIR; };
		6E441B9118F6EC9300B17ABE /* XCTest.framework */ = {isa = PBXFileReference; lastKnownFileType = wrapper.framework; name = XCTest.framework; path = Library/Frameworks/XCTest.framework; sourceTree = DEVELOPER_DIR; };
		6E441B9918F6EC9300B17ABE /* FMDBExampleTests-Info.plist */ = {isa = PBXFileReference; lastKnownFileType = text.plist.xml; path = "FMDBExampleTests-Info.plist"; sourceTree = "<group>"; };
		6E441B9B18F6EC9300B17ABE /* en */ = {isa = PBXFileReference; lastKnownFileType = text.plist.strings; name = en; path = en.lproj/InfoPlist.strings; sourceTree = "<group>"; };
		6E441B9D18F6EC9300B17ABE /* FMDBExampleTests.m */ = {isa = PBXFileReference; lastKnownFileType = sourcecode.c.objc; path = FMDBExampleTests.m; sourceTree = "<group>"; };
		6E441BA718F6F38400B17ABE /* TableViewController.h */ = {isa = PBXFileReference; fileEncoding = 4; lastKnownFileType = sourcecode.c.h; path = TableViewController.h; sourceTree = "<group>"; };
		6E441BA818F6F38400B17ABE /* TableViewController.m */ = {isa = PBXFileReference; fileEncoding = 4; lastKnownFileType = sourcecode.c.objc; path = TableViewController.m; sourceTree = "<group>"; };
		6E441BAA18F6F8FA00B17ABE /* DataManager.h */ = {isa = PBXFileReference; fileEncoding = 4; lastKnownFileType = sourcecode.c.h; path = DataManager.h; sourceTree = "<group>"; };
		6E441BAB18F6F8FA00B17ABE /* DataManager.m */ = {isa = PBXFileReference; fileEncoding = 4; lastKnownFileType = sourcecode.c.objc; path = DataManager.m; sourceTree = "<group>"; };
		9D5A836C25BD48C4BE0BE695 /* libPods.a */ = {isa = PBXFileReference; explicitFileType = archive.ar; includeInIndex = 0; path = libPods.a; sourceTree = BUILT_PRODUCTS_DIR; };
/* End PBXFileReference section */

/* Begin PBXFrameworksBuildPhase section */
		6E441B6C18F6EC9200B17ABE /* Frameworks */ = {
			isa = PBXFrameworksBuildPhase;
			buildActionMask = 2147483647;
			files = (
				6E441B7518F6EC9200B17ABE /* CoreGraphics.framework in Frameworks */,
				6E441B7718F6EC9200B17ABE /* UIKit.framework in Frameworks */,
				6E441B7318F6EC9200B17ABE /* Foundation.framework in Frameworks */,
				96B1AFD43352450F9543CF9F /* libPods.a in Frameworks */,
			);
			runOnlyForDeploymentPostprocessing = 0;
		};
		6E441B8D18F6EC9300B17ABE /* Frameworks */ = {
			isa = PBXFrameworksBuildPhase;
			buildActionMask = 2147483647;
			files = (
				6E441B9218F6EC9300B17ABE /* XCTest.framework in Frameworks */,
				6E441B9418F6EC9300B17ABE /* UIKit.framework in Frameworks */,
				6E441B9318F6EC9300B17ABE /* Foundation.framework in Frameworks */,
			);
			runOnlyForDeploymentPostprocessing = 0;
		};
/* End PBXFrameworksBuildPhase section */

/* Begin PBXGroup section */
		6E441B6618F6EC9200B17ABE = {
			isa = PBXGroup;
			children = (
				6E441B7818F6EC9200B17ABE /* FMDBExample */,
				6E441B9718F6EC9300B17ABE /* FMDBExampleTests */,
				6E441B7118F6EC9200B17ABE /* Frameworks */,
				6E441B7018F6EC9200B17ABE /* Products */,
				16ED15FA6F5E45FE89C9DFF2 /* Pods.xcconfig */,
			);
			sourceTree = "<group>";
		};
		6E441B7018F6EC9200B17ABE /* Products */ = {
			isa = PBXGroup;
			children = (
				6E441B6F18F6EC9200B17ABE /* FMDBExample.app */,
				6E441B9018F6EC9300B17ABE /* FMDBExampleTests.xctest */,
			);
			name = Products;
			sourceTree = "<group>";
		};
		6E441B7118F6EC9200B17ABE /* Frameworks */ = {
			isa = PBXGroup;
			children = (
				6E441B7218F6EC9200B17ABE /* Foundation.framework */,
				6E441B7418F6EC9200B17ABE /* CoreGraphics.framework */,
				6E441B7618F6EC9200B17ABE /* UIKit.framework */,
				6E441B9118F6EC9300B17ABE /* XCTest.framework */,
				9D5A836C25BD48C4BE0BE695 /* libPods.a */,
			);
			name = Frameworks;
			sourceTree = "<group>";
		};
		6E441B7818F6EC9200B17ABE /* FMDBExample */ = {
			isa = PBXGroup;
			children = (
				6E441B8118F6EC9200B17ABE /* AppDelegate.h */,
				6E441B8218F6EC9200B17ABE /* AppDelegate.m */,
				6E441B8418F6EC9200B17ABE /* Main.storyboard */,
				6E441B8A18F6EC9200B17ABE /* Images.xcassets */,
				6E441B7918F6EC9200B17ABE /* Supporting Files */,
				6E441BA718F6F38400B17ABE /* TableViewController.h */,
				6E441BA818F6F38400B17ABE /* TableViewController.m */,
				6E441BAA18F6F8FA00B17ABE /* DataManager.h */,
				6E441BAB18F6F8FA00B17ABE /* DataManager.m */,
			);
			path = FMDBExample;
			sourceTree = "<group>";
		};
		6E441B7918F6EC9200B17ABE /* Supporting Files */ = {
			isa = PBXGroup;
			children = (
				6E441B7A18F6EC9200B17ABE /* FMDBExample-Info.plist */,
				6E441B7B18F6EC9200B17ABE /* InfoPlist.strings */,
				6E441B7E18F6EC9200B17ABE /* main.m */,
				6E441B8018F6EC9200B17ABE /* FMDBExample-Prefix.pch */,
			);
			name = "Supporting Files";
			sourceTree = "<group>";
		};
		6E441B9718F6EC9300B17ABE /* FMDBExampleTests */ = {
			isa = PBXGroup;
			children = (
				6E441B9D18F6EC9300B17ABE /* FMDBExampleTests.m */,
				6E441B9818F6EC9300B17ABE /* Supporting Files */,
			);
			path = FMDBExampleTests;
			sourceTree = "<group>";
		};
		6E441B9818F6EC9300B17ABE /* Supporting Files */ = {
			isa = PBXGroup;
			children = (
				6E441B9918F6EC9300B17ABE /* FMDBExampleTests-Info.plist */,
				6E441B9A18F6EC9300B17ABE /* InfoPlist.strings */,
			);
			name = "Supporting Files";
			sourceTree = "<group>";
		};
/* End PBXGroup section */

/* Begin PBXNativeTarget section */
		6E441B6E18F6EC9200B17ABE /* FMDBExample */ = {
			isa = PBXNativeTarget;
			buildConfigurationList = 6E441BA118F6EC9300B17ABE /* Build configuration list for PBXNativeTarget "FMDBExample" */;
			buildPhases = (
				71347FDF0D004A1AAC97F8F8 /* Check Pods Manifest.lock */,
				6E441B6B18F6EC9200B17ABE /* Sources */,
				6E441B6C18F6EC9200B17ABE /* Frameworks */,
				6E441B6D18F6EC9200B17ABE /* Resources */,
				1D03593DB72D4FFDB4CCED21 /* Copy Pods Resources */,
			);
			buildRules = (
			);
			dependencies = (
			);
			name = FMDBExample;
			productName = FMDBExample;
			productReference = 6E441B6F18F6EC9200B17ABE /* FMDBExample.app */;
			productType = "com.apple.product-type.application";
		};
		6E441B8F18F6EC9300B17ABE /* FMDBExampleTests */ = {
			isa = PBXNativeTarget;
			buildConfigurationList = 6E441BA418F6EC9300B17ABE /* Build configuration list for PBXNativeTarget "FMDBExampleTests" */;
			buildPhases = (
				6E441B8C18F6EC9300B17ABE /* Sources */,
				6E441B8D18F6EC9300B17ABE /* Frameworks */,
				6E441B8E18F6EC9300B17ABE /* Resources */,
			);
			buildRules = (
			);
			dependencies = (
				6E441B9618F6EC9300B17ABE /* PBXTargetDependency */,
			);
			name = FMDBExampleTests;
			productName = FMDBExampleTests;
			productReference = 6E441B9018F6EC9300B17ABE /* FMDBExampleTests.xctest */;
			productType = "com.apple.product-type.bundle.unit-test";
		};
/* End PBXNativeTarget section */

/* Begin PBXProject section */
		6E441B6718F6EC9200B17ABE /* Project object */ = {
			isa = PBXProject;
			attributes = {
				LastUpgradeCheck = 0510;
				ORGANIZATIONNAME = "Naoyuki Takura";
				TargetAttributes = {
					6E441B8F18F6EC9300B17ABE = {
						TestTargetID = 6E441B6E18F6EC9200B17ABE;
					};
				};
			};
			buildConfigurationList = 6E441B6A18F6EC9200B17ABE /* Build configuration list for PBXProject "FMDBExample" */;
			compatibilityVersion = "Xcode 3.2";
			developmentRegion = English;
			hasScannedForEncodings = 0;
			knownRegions = (
				en,
				Base,
			);
			mainGroup = 6E441B6618F6EC9200B17ABE;
			productRefGroup = 6E441B7018F6EC9200B17ABE /* Products */;
			projectDirPath = "";
			projectRoot = "";
			targets = (
				6E441B6E18F6EC9200B17ABE /* FMDBExample */,
				6E441B8F18F6EC9300B17ABE /* FMDBExampleTests */,
			);
		};
/* End PBXProject section */

/* Begin PBXResourcesBuildPhase section */
		6E441B6D18F6EC9200B17ABE /* Resources */ = {
			isa = PBXResourcesBuildPhase;
			buildActionMask = 2147483647;
			files = (
				6E441B8B18F6EC9200B17ABE /* Images.xcassets in Resources */,
				6E441B7D18F6EC9200B17ABE /* InfoPlist.strings in Resources */,
				6E441B8618F6EC9200B17ABE /* Main.storyboard in Resources */,
			);
			runOnlyForDeploymentPostprocessing = 0;
		};
		6E441B8E18F6EC9300B17ABE /* Resources */ = {
			isa = PBXResourcesBuildPhase;
			buildActionMask = 2147483647;
			files = (
				6E441B9C18F6EC9300B17ABE /* InfoPlist.strings in Resources */,
			);
			runOnlyForDeploymentPostprocessing = 0;
		};
/* End PBXResourcesBuildPhase section */

/* Begin PBXShellScriptBuildPhase section */
		1D03593DB72D4FFDB4CCED21 /* Copy Pods Resources */ = {
			isa = PBXShellScriptBuildPhase;
			buildActionMask = 2147483647;
			files = (
			);
			inputPaths = (
			);
			name = "Copy Pods Resources";
			outputPaths = (
			);
			runOnlyForDeploymentPostprocessing = 0;
			shellPath = /bin/sh;
			shellScript = "\"${SRCROOT}/Pods/Pods-resources.sh\"\n";
			showEnvVarsInLog = 0;
		};
		71347FDF0D004A1AAC97F8F8 /* Check Pods Manifest.lock */ = {
			isa = PBXShellScriptBuildPhase;
			buildActionMask = 2147483647;
			files = (
			);
			inputPaths = (
			);
			name = "Check Pods Manifest.lock";
			outputPaths = (
			);
			runOnlyForDeploymentPostprocessing = 0;
			shellPath = /bin/sh;
			shellScript = "diff \"${PODS_ROOT}/../Podfile.lock\" \"${PODS_ROOT}/Manifest.lock\" > /dev/null\nif [[ $? != 0 ]] ; then\n    cat << EOM\nerror: The sandbox is not in sync with the Podfile.lock. Run 'pod install' or update your CocoaPods installation.\nEOM\n    exit 1\nfi\n";
			showEnvVarsInLog = 0;
		};
/* End PBXShellScriptBuildPhase section */

/* Begin PBXSourcesBuildPhase section */
		6E441B6B18F6EC9200B17ABE /* Sources */ = {
			isa = PBXSourcesBuildPhase;
			buildActionMask = 2147483647;
			files = (
				6E441B8318F6EC9200B17ABE /* AppDelegate.m in Sources */,
				6E441BAC18F6F8FA00B17ABE /* DataManager.m in Sources */,
				6E441BA918F6F38400B17ABE /* TableViewController.m in Sources */,
				6E441B7F18F6EC9200B17ABE /* main.m in Sources */,
			);
			runOnlyForDeploymentPostprocessing = 0;
		};
		6E441B8C18F6EC9300B17ABE /* Sources */ = {
			isa = PBXSourcesBuildPhase;
			buildActionMask = 2147483647;
			files = (
				6E441B9E18F6EC9300B17ABE /* FMDBExampleTests.m in Sources */,
			);
			runOnlyForDeploymentPostprocessing = 0;
		};
/* End PBXSourcesBuildPhase section */

/* Begin PBXTargetDependency section */
		6E441B9618F6EC9300B17ABE /* PBXTargetDependency */ = {
			isa = PBXTargetDependency;
			target = 6E441B6E18F6EC9200B17ABE /* FMDBExample */;
			targetProxy = 6E441B9518F6EC9300B17ABE /* PBXContainerItemProxy */;
		};
/* End PBXTargetDependency section */

/* Begin PBXVariantGroup section */
		6E441B7B18F6EC9200B17ABE /* InfoPlist.strings */ = {
			isa = PBXVariantGroup;
			children = (
				6E441B7C18F6EC9200B17ABE /* en */,
			);
			name = InfoPlist.strings;
			sourceTree = "<group>";
		};
		6E441B8418F6EC9200B17ABE /* Main.storyboard */ = {
			isa = PBXVariantGroup;
			children = (
				6E441B8518F6EC9200B17ABE /* Base */,
			);
			name = Main.storyboard;
			sourceTree = "<group>";
		};
		6E441B9A18F6EC9300B17ABE /* InfoPlist.strings */ = {
			isa = PBXVariantGroup;
			children = (
				6E441B9B18F6EC9300B17ABE /* en */,
			);
			name = InfoPlist.strings;
			sourceTree = "<group>";
		};
/* End PBXVariantGroup section */

/* Begin XCBuildConfiguration section */
		6E441B9F18F6EC9300B17ABE /* Debug */ = {
			isa = XCBuildConfiguration;
			buildSettings = {
				ALWAYS_SEARCH_USER_PATHS = NO;
				CLANG_CXX_LANGUAGE_STANDARD = "gnu++0x";
				CLANG_CXX_LIBRARY = "libc++";
				CLANG_ENABLE_MODULES = YES;
				CLANG_ENABLE_OBJC_ARC = YES;
				CLANG_WARN_BOOL_CONVERSION = YES;
				CLANG_WARN_CONSTANT_CONVERSION = YES;
				CLANG_WARN_DIRECT_OBJC_ISA_USAGE = YES_ERROR;
				CLANG_WARN_EMPTY_BODY = YES;
				CLANG_WARN_ENUM_CONVERSION = YES;
				CLANG_WARN_INT_CONVERSION = YES;
				CLANG_WARN_OBJC_ROOT_CLASS = YES_ERROR;
				CLANG_WARN__DUPLICATE_METHOD_MATCH = YES;
				"CODE_SIGN_IDENTITY[sdk=iphoneos*]" = "iPhone Developer";
				COPY_PHASE_STRIP = NO;
				GCC_C_LANGUAGE_STANDARD = gnu99;
				GCC_DYNAMIC_NO_PIC = NO;
				GCC_OPTIMIZATION_LEVEL = 0;
				GCC_PREPROCESSOR_DEFINITIONS = (
					"DEBUG=1",
					"$(inherited)",
				);
				GCC_SYMBOLS_PRIVATE_EXTERN = NO;
				GCC_WARN_64_TO_32_BIT_CONVERSION = YES;
				GCC_WARN_ABOUT_RETURN_TYPE = YES_ERROR;
				GCC_WARN_UNDECLARED_SELECTOR = YES;
				GCC_WARN_UNINITIALIZED_AUTOS = YES_AGGRESSIVE;
				GCC_WARN_UNUSED_FUNCTION = YES;
				GCC_WARN_UNUSED_VARIABLE = YES;
				IPHONEOS_DEPLOYMENT_TARGET = 7.1;
				ONLY_ACTIVE_ARCH = YES;
				SDKROOT = iphoneos;
			};
			name = Debug;
		};
		6E441BA018F6EC9300B17ABE /* Release */ = {
			isa = XCBuildConfiguration;
			buildSettings = {
				ALWAYS_SEARCH_USER_PATHS = NO;
				CLANG_CXX_LANGUAGE_STANDARD = "gnu++0x";
				CLANG_CXX_LIBRARY = "libc++";
				CLANG_ENABLE_MODULES = YES;
				CLANG_ENABLE_OBJC_ARC = YES;
				CLANG_WARN_BOOL_CONVERSION = YES;
				CLANG_WARN_CONSTANT_CONVERSION = YES;
				CLANG_WARN_DIRECT_OBJC_ISA_USAGE = YES_ERROR;
				CLANG_WARN_EMPTY_BODY = YES;
				CLANG_WARN_ENUM_CONVERSION = YES;
				CLANG_WARN_INT_CONVERSION = YES;
				CLANG_WARN_OBJC_ROOT_CLASS = YES_ERROR;
				CLANG_WARN__DUPLICATE_METHOD_MATCH = YES;
				"CODE_SIGN_IDENTITY[sdk=iphoneos*]" = "iPhone Developer";
				COPY_PHASE_STRIP = YES;
				ENABLE_NS_ASSERTIONS = NO;
				GCC_C_LANGUAGE_STANDARD = gnu99;
				GCC_WARN_64_TO_32_BIT_CONVERSION = YES;
				GCC_WARN_ABOUT_RETURN_TYPE = YES_ERROR;
				GCC_WARN_UNDECLARED_SELECTOR = YES;
				GCC_WARN_UNINITIALIZED_AUTOS = YES_AGGRESSIVE;
				GCC_WARN_UNUSED_FUNCTION = YES;
				GCC_WARN_UNUSED_VARIABLE = YES;
				IPHONEOS_DEPLOYMENT_TARGET = 7.1;
				SDKROOT = iphoneos;
				VALIDATE_PRODUCT = YES;
			};
			name = Release;
		};
		6E441BA218F6EC9300B17ABE /* Debug */ = {
			isa = XCBuildConfiguration;
			baseConfigurationReference = 16ED15FA6F5E45FE89C9DFF2 /* Pods.xcconfig */;
			buildSettings = {
				ASSETCATALOG_COMPILER_APPICON_NAME = AppIcon;
				ASSETCATALOG_COMPILER_LAUNCHIMAGE_NAME = LaunchImage;
				GCC_PRECOMPILE_PREFIX_HEADER = YES;
				GCC_PREFIX_HEADER = "FMDBExample/FMDBExample-Prefix.pch";
				INFOPLIST_FILE = "FMDBExample/FMDBExample-Info.plist";
				PRODUCT_NAME = "$(TARGET_NAME)";
				WRAPPER_EXTENSION = app;
			};
			name = Debug;
		};
		6E441BA318F6EC9300B17ABE /* Release */ = {
			isa = XCBuildConfiguration;
			baseConfigurationReference = 16ED15FA6F5E45FE89C9DFF2 /* Pods.xcconfig */;
			buildSettings = {
				ASSETCATALOG_COMPILER_APPICON_NAME = AppIcon;
				ASSETCATALOG_COMPILER_LAUNCHIMAGE_NAME = LaunchImage;
				GCC_PRECOMPILE_PREFIX_HEADER = YES;
				GCC_PREFIX_HEADER = "FMDBExample/FMDBExample-Prefix.pch";
				INFOPLIST_FILE = "FMDBExample/FMDBExample-Info.plist";
				PRODUCT_NAME = "$(TARGET_NAME)";
				WRAPPER_EXTENSION = app;
			};
			name = Release;
		};
		6E441BA518F6EC9300B17ABE /* Debug */ = {
			isa = XCBuildConfiguration;
			buildSettings = {
				BUNDLE_LOADER = "$(BUILT_PRODUCTS_DIR)/FMDBExample.app/FMDBExample";
				FRAMEWORK_SEARCH_PATHS = (
					"$(SDKROOT)/Developer/Library/Frameworks",
					"$(inherited)",
					"$(DEVELOPER_FRAMEWORKS_DIR)",
				);
				GCC_PRECOMPILE_PREFIX_HEADER = YES;
				GCC_PREFIX_HEADER = "FMDBExample/FMDBExample-Prefix.pch";
				GCC_PREPROCESSOR_DEFINITIONS = (
					"DEBUG=1",
					"$(inherited)",
				);
				INFOPLIST_FILE = "FMDBExampleTests/FMDBExampleTests-Info.plist";
				PRODUCT_NAME = "$(TARGET_NAME)";
				TEST_HOST = "$(BUNDLE_LOADER)";
				WRAPPER_EXTENSION = xctest;
			};
			name = Debug;
		};
		6E441BA618F6EC9300B17ABE /* Release */ = {
			isa = XCBuildConfiguration;
			buildSettings = {
				BUNDLE_LOADER = "$(BUILT_PRODUCTS_DIR)/FMDBExample.app/FMDBExample";
				FRAMEWORK_SEARCH_PATHS = (
					"$(SDKROOT)/Developer/Library/Frameworks",
					"$(inherited)",
					"$(DEVELOPER_FRAMEWORKS_DIR)",
				);
				GCC_PRECOMPILE_PREFIX_HEADER = YES;
				GCC_PREFIX_HEADER = "FMDBExample/FMDBExample-Prefix.pch";
				INFOPLIST_FILE = "FMDBExampleTests/FMDBExampleTests-Info.plist";
				PRODUCT_NAME = "$(TARGET_NAME)";
				TEST_HOST = "$(BUNDLE_LOADER)";
				WRAPPER_EXTENSION = xctest;
			};
			name = Release;
		};
/* End XCBuildConfiguration section */

/* Begin XCConfigurationList section */
		6E441B6A18F6EC9200B17ABE /* Build configuration list for PBXProject "FMDBExample" */ = {
			isa = XCConfigurationList;
			buildConfigurations = (
				6E441B9F18F6EC9300B17ABE /* Debug */,
				6E441BA018F6EC9300B17ABE /* Release */,
			);
			defaultConfigurationIsVisible = 0;
			defaultConfigurationName = Release;
		};
		6E441BA118F6EC9300B17ABE /* Build configuration list for PBXNativeTarget "FMDBExample" */ = {
			isa = XCConfigurationList;
			buildConfigurations = (
				6E441BA218F6EC9300B17ABE /* Debug */,
				6E441BA318F6EC9300B17ABE /* Release */,
			);
			defaultConfigurationIsVisible = 0;
			defaultConfigurationName = Release;
		};
		6E441BA418F6EC9300B17ABE /* Build configuration list for PBXNativeTarget "FMDBExampleTests" */ = {
			isa = XCConfigurationList;
			buildConfigurations = (
				6E441BA518F6EC9300B17ABE /* Debug */,
				6E441BA618F6EC9300B17ABE /* Release */,
			);
			defaultConfigurationIsVisible = 0;
			defaultConfigurationName = Release;
		};
/* End XCConfigurationList section */
	};
	rootObject = 6E441B6718F6EC9200B17ABE /* Project object */;
}
