// !$*UTF8*$!
{
	archiveVersion = 1;
	classes = {
	};
	objectVersion = 46;
	objects = {

/* Begin PBXBuildFile section */
		6E441B7318F6EC9200B17ABE /* Foundation.framework in Frameworks */ = {isa = PBXBuildFile; fileRef = 6E441B7218F6EC9200B17ABE /* Foundation.framework */; };
		6E441B7518F6EC9200B17ABE /* CoreGraphics.framework in Frameworks */ = {isa = PBXBuildFile; fileRef = 6E441B7418F6EC9200B17ABE /* CoreGraphics.framework */; };
		6E441B7718F6EC9200B17ABE /* UIKit.framework in Frameworks */ = {isa = PBXBuildFile; fileRef = 6E441B7618F6EC9200B17ABE /* UIKit.framework */; };
		6E441B7D18F6EC9200B17ABE /* InfoPlist.strings in Resources */ = {isa = PBXBuildFile; fileRef = 6E441B7B18F6EC9200B17ABE /* InfoPlist.strings */; };
		6E441B7F18F6EC9200B17ABE /* main.m in Sources */ = {isa = PBXBuildFile; fileRef = 6E441B7E18F6EC9200B17ABE /* main.m */; };
		6E441B8318F6EC9200B17ABE /* AppDelegate.m in Sources */ = {isa = PBXBuildFile; fileRef = 6E441B8218F6EC9200B17ABE /* AppDelegate.m */; };
		6E441B8618F6EC9200B17ABE /* Main.storyboard in Resources */ = {isa = PBXBuildFile; fileRef = 6E441B8418F6EC9200B17ABE /* Main.storyboard */; };
		6E441B8B18F6EC9200B17ABE /* Images.xcassets in Resources */ = {isa = PBXBuildFile; fileRef = 6E441B8A18F6EC9200B17ABE /* Images.xcassets */; };
		6E441B9218F6EC9300B17ABE /* XCTest.framework in Frameworks */ = {isa = PBXBuildFile; fileRef = 6E441B9118F6EC9300B17ABE /* XCTest.framework */; };
		6E441B9318F6EC9300B17ABE /* Foundation.framework in Frameworks */ = {isa = PBXBuildFile; fileRef = 6E441B7218F6EC9200B17ABE /* Foundation.framework */; };
		6E441B9418F6EC9300B17ABE /* UIKit.framework in Frameworks */ = {isa = PBXBuildFile; fileRef = 6E441B7618F6EC9200B17ABE /* UIKit.framework */; };
		6E441B9C18F6EC9300B17ABE /* InfoPlist.strings in Resources */ = {isa = PBXBuildFile; fileRef = 6E441B9A18F6EC9300B17ABE /* InfoPlist.strings */; };
		6E441B9E18F6EC9300B17ABE /* FMDBExampleTests.m in Sources */ = {isa = PBXBuildFile; fileRef = 6E441B9D18F6EC9300B17ABE /* FMDBExampleTests.m */; };
		6E441BA918F6F38400B17ABE /* TableViewController.m in Sources */ = {isa = PBXBuildFile; fileRef = 6E441BA818F6F38400B17ABE /* TableViewController.m */; };
		6E441BAC18F6F8FA00B17ABE /* DataManager.m in Sources */ = {isa = PBXBuildFile; fileRef = 6E441BAB18F6F8FA00B17ABE /* DataManager.m */; };
		6EA54D511906B847000EDA5A /* libFMDB-IOS.a in Frameworks */ = {isa = PBXBuildFile; fileRef = 6EA54D4D1906B434000EDA5A /* libFMDB-IOS.a */; };
		6EA54D531906B870000EDA5A /* libsqlite3.dylib in Frameworks */ = {isa = PBXBuildFile; fileRef = 6EA54D521906B870000EDA5A /* libsqlite3.dylib */; };
/* End PBXBuildFile section */

/* Begin PBXContainerItemProxy section */
		6E441B9518F6EC9300B17ABE /* PBXContainerItemProxy */ = {
			isa = PBXContainerItemProxy;
			containerPortal = 6E441B6718F6EC9200B17ABE /* Project object */;
			proxyType = 1;
			remoteGlobalIDString = 6E441B6E18F6EC9200B17ABE;
			remoteInfo = FMDBExample;
		};
		6EA54D461906B434000EDA5A /* PBXContainerItemProxy */ = {
			isa = PBXContainerItemProxy;
			containerPortal = 6EA54CFB1906B433000EDA5A /* fmdb.xcodeproj */;
			proxyType = 2;
			remoteGlobalIDString = 8DD76FA10486AA7600D96B5E;
			remoteInfo = fmdb;
		};
		6EA54D481906B434000EDA5A /* PBXContainerItemProxy */ = {
			isa = PBXContainerItemProxy;
			containerPortal = 6EA54CFB1906B433000EDA5A /* fmdb.xcodeproj */;
			proxyType = 2;
			remoteGlobalIDString = EE4290EF12B42F870088BD94;
			remoteInfo = FMDB;
		};
		6EA54D4A1906B434000EDA5A /* PBXContainerItemProxy */ = {
			isa = PBXContainerItemProxy;
			containerPortal = 6EA54CFB1906B433000EDA5A /* fmdb.xcodeproj */;
			proxyType = 2;
			remoteGlobalIDString = BF5D041618416BB2008C5AA9;
			remoteInfo = Tests;
		};
		6EA54D4C1906B434000EDA5A /* PBXContainerItemProxy */ = {
			isa = PBXContainerItemProxy;
			containerPortal = 6EA54CFB1906B433000EDA5A /* fmdb.xcodeproj */;
			proxyType = 2;
			remoteGlobalIDString = 6290CBB5188FE836009790F8;
			remoteInfo = "FMDB-IOS";
		};
		6EA54D4E1906B446000EDA5A /* PBXContainerItemProxy */ = {
			isa = PBXContainerItemProxy;
			containerPortal = 6EA54CFB1906B433000EDA5A /* fmdb.xcodeproj */;
			proxyType = 1;
			remoteGlobalIDString = 6290CBB4188FE836009790F8;
			remoteInfo = "FMDB-IOS";
		};
/* End PBXContainerItemProxy section */

/* Begin PBXFileReference section */
		16ED15FA6F5E45FE89C9DFF2 /* Pods.xcconfig */ = {isa = PBXFileReference; includeInIndex = 1; lastKnownFileType = text.xcconfig; name = Pods.xcconfig; path = Pods/Pods.xcconfig; sourceTree = "<group>"; };
		6E441B6F18F6EC9200B17ABE /* FMDBExample.app */ = {isa = PBXFileReference; explicitFileType = wrapper.application; includeInIndex = 0; path = FMDBExample.app; sourceTree = BUILT_PRODUCTS_DIR; };
		6E441B7218F6EC9200B17ABE /* Foundation.framework */ = {isa = PBXFileReference; lastKnownFileType = wrapper.framework; name = Foundation.framework; path = System/Library/Frameworks/Foundation.framework; sourceTree = SDKROOT; };
		6E441B7418F6EC9200B17ABE /* CoreGraphics.framework */ = {isa = PBXFileReference; lastKnownFileType = wrapper.framework; name = CoreGraphics.framework; path = System/Library/Frameworks/CoreGraphics.framework; sourceTree = SDKROOT; };
		6E441B7618F6EC9200B17ABE /* UIKit.framework */ = {isa = PBXFileReference; lastKnownFileType = wrapper.framework; name = UIKit.framework; path = System/Library/Frameworks/UIKit.framework; sourceTree = SDKROOT; };
		6E441B7A18F6EC9200B17ABE /* FMDBExample-Info.plist */ = {isa = PBXFileReference; lastKnownFileType = text.plist.xml; path = "FMDBExample-Info.plist"; sourceTree = "<group>"; };
		6E441B7C18F6EC9200B17ABE /* en */ = {isa = PBXFileReference; lastKnownFileType = text.plist.strings; name = en; path = en.lproj/InfoPlist.strings; sourceTree = "<group>"; };
		6E441B7E18F6EC9200B17ABE /* main.m */ = {isa = PBXFileReference; lastKnownFileType = sourcecode.c.objc; path = main.m; sourceTree = "<group>"; };
		6E441B8018F6EC9200B17ABE /* FMDBExample-Prefix.pch */ = {isa = PBXFileReference; lastKnownFileType = sourcecode.c.h; path = "FMDBExample-Prefix.pch"; sourceTree = "<group>"; };
		6E441B8118F6EC9200B17ABE /* AppDelegate.h */ = {isa = PBXFileReference; lastKnownFileType = sourcecode.c.h; path = AppDelegate.h; sourceTree = "<group>"; };
		6E441B8218F6EC9200B17ABE /* AppDelegate.m */ = {isa = PBXFileReference; lastKnownFileType = sourcecode.c.objc; path = AppDelegate.m; sourceTree = "<group>"; };
		6E441B8518F6EC9200B17ABE /* Base */ = {isa = PBXFileReference; lastKnownFileType = file.storyboard; name = Base; path = Base.lproj/Main.storyboard; sourceTree = "<group>"; };
		6E441B8A18F6EC9200B17ABE /* Images.xcassets */ = {isa = PBXFileReference; lastKnownFileType = folder.assetcatalog; path = Images.xcassets; sourceTree = "<group>"; };
		6E441B9018F6EC9300B17ABE /* FMDBExampleTests.xctest */ = {isa = PBXFileReference; explicitFileType = wrapper.cfbundle; includeInIndex = 0; path = FMDBExampleTests.xctest; sourceTree = BUILT_PRODUCTS_DIR; };
		6E441B9118F6EC9300B17ABE /* XCTest.framework */ = {isa = PBXFileReference; lastKnownFileType = wrapper.framework; name = XCTest.framework; path = Library/Frameworks/XCTest.framework; sourceTree = DEVELOPER_DIR; };
		6E441B9918F6EC9300B17ABE /* FMDBExampleTests-Info.plist */ = {isa = PBXFileReference; lastKnownFileType = text.plist.xml; path = "FMDBExampleTests-Info.plist"; sourceTree = "<group>"; };
		6E441B9B18F6EC9300B17ABE /* en */ = {isa = PBXFileReference; lastKnownFileType = text.plist.strings; name = en; path = en.lproj/InfoPlist.strings; sourceTree = "<group>"; };
		6E441B9D18F6EC9300B17ABE /* FMDBExampleTests.m */ = {isa = PBXFileReference; lastKnownFileType = sourcecode.c.objc; path = FMDBExampleTests.m; sourceTree = "<group>"; };
		6E441BA718F6F38400B17ABE /* TableViewController.h */ = {isa = PBXFileReference; fileEncoding = 4; lastKnownFileType = sourcecode.c.h; path = TableViewController.h; sourceTree = "<group>"; };
		6E441BA818F6F38400B17ABE /* TableViewController.m */ = {isa = PBXFileReference; fileEncoding = 4; lastKnownFileType = sourcecode.c.objc; path = TableViewController.m; sourceTree = "<group>"; };
		6E441BAA18F6F8FA00B17ABE /* DataManager.h */ = {isa = PBXFileReference; fileEncoding = 4; lastKnownFileType = sourcecode.c.h; path = DataManager.h; sourceTree = "<group>"; };
		6E441BAB18F6F8FA00B17ABE /* DataManager.m */ = {isa = PBXFileReference; fileEncoding = 4; lastKnownFileType = sourcecode.c.objc; path = DataManager.m; sourceTree = "<group>"; };
		6EA54CF51906B433000EDA5A /* .gitignore */ = {isa = PBXFileReference; fileEncoding = 4; lastKnownFileType = text; path = .gitignore; sourceTree = "<group>"; };
		6EA54CF61906B433000EDA5A /* .travis.yml */ = {isa = PBXFileReference; fileEncoding = 4; lastKnownFileType = text; path = .travis.yml; sourceTree = "<group>"; };
		6EA54CF71906B433000EDA5A /* CHANGES_AND_TODO_LIST.txt */ = {isa = PBXFileReference; fileEncoding = 4; lastKnownFileType = text; path = CHANGES_AND_TODO_LIST.txt; sourceTree = "<group>"; };
		6EA54CF81906B433000EDA5A /* CONTRIBUTORS.txt */ = {isa = PBXFileReference; fileEncoding = 4; lastKnownFileType = text; path = CONTRIBUTORS.txt; sourceTree = "<group>"; };
		6EA54CF91906B433000EDA5A /* fmdb.1 */ = {isa = PBXFileReference; fileEncoding = 4; lastKnownFileType = text.man; path = fmdb.1; sourceTree = "<group>"; };
		6EA54CFA1906B433000EDA5A /* fmdb.podspec */ = {isa = PBXFileReference; fileEncoding = 4; lastKnownFileType = text; path = fmdb.podspec; sourceTree = "<group>"; };
		6EA54CFB1906B433000EDA5A /* fmdb.xcodeproj */ = {isa = PBXFileReference; lastKnownFileType = "wrapper.pb-project"; path = fmdb.xcodeproj; sourceTree = "<group>"; };
		6EA54CFE1906B433000EDA5A /* LICENSE.txt */ = {isa = PBXFileReference; fileEncoding = 4; lastKnownFileType = text; path = LICENSE.txt; sourceTree = "<group>"; };
		6EA54CFF1906B433000EDA5A /* README.markdown */ = {isa = PBXFileReference; fileEncoding = 4; lastKnownFileType = text; path = README.markdown; sourceTree = "<group>"; };
		6EA54D021906B433000EDA5A /* FMDatabase+InMemoryOnDiskIO.h */ = {isa = PBXFileReference; fileEncoding = 4; lastKnownFileType = sourcecode.c.h; path = "FMDatabase+InMemoryOnDiskIO.h"; sourceTree = "<group>"; };
		6EA54D031906B433000EDA5A /* FMDatabase+InMemoryOnDiskIO.m */ = {isa = PBXFileReference; fileEncoding = 4; lastKnownFileType = sourcecode.c.objc; path = "FMDatabase+InMemoryOnDiskIO.m"; sourceTree = "<group>"; };
		6EA54D051906B433000EDA5A /* FMSQLStatementSplitter.h */ = {isa = PBXFileReference; fileEncoding = 4; lastKnownFileType = sourcecode.c.h; path = FMSQLStatementSplitter.h; sourceTree = "<group>"; };
		6EA54D061906B433000EDA5A /* FMSQLStatementSplitter.m */ = {isa = PBXFileReference; fileEncoding = 4; lastKnownFileType = sourcecode.c.objc; path = FMSQLStatementSplitter.m; sourceTree = "<group>"; };
		6EA54D071906B433000EDA5A /* FMStatementKeywordRecogniser.h */ = {isa = PBXFileReference; fileEncoding = 4; lastKnownFileType = sourcecode.c.h; path = FMStatementKeywordRecogniser.h; sourceTree = "<group>"; };
		6EA54D081906B433000EDA5A /* FMStatementKeywordRecogniser.m */ = {isa = PBXFileReference; fileEncoding = 4; lastKnownFileType = sourcecode.c.objc; path = FMStatementKeywordRecogniser.m; sourceTree = "<group>"; };
		6EA54D091906B433000EDA5A /* FMStatementQuotedRecogniser.h */ = {isa = PBXFileReference; fileEncoding = 4; lastKnownFileType = sourcecode.c.h; path = FMStatementQuotedRecogniser.h; sourceTree = "<group>"; };
		6EA54D0A1906B433000EDA5A /* FMStatementQuotedRecogniser.m */ = {isa = PBXFileReference; fileEncoding = 4; lastKnownFileType = sourcecode.c.objc; path = FMStatementQuotedRecogniser.m; sourceTree = "<group>"; };
		6EA54D0B1906B433000EDA5A /* FMStatementTokenRecogniser.h */ = {isa = PBXFileReference; fileEncoding = 4; lastKnownFileType = sourcecode.c.h; path = FMStatementTokenRecogniser.h; sourceTree = "<group>"; };
		6EA54D0D1906B433000EDA5A /* FMDatabase.h */ = {isa = PBXFileReference; fileEncoding = 4; lastKnownFileType = sourcecode.c.h; path = FMDatabase.h; sourceTree = "<group>"; };
		6EA54D0E1906B433000EDA5A /* FMDatabase.m */ = {isa = PBXFileReference; fileEncoding = 4; lastKnownFileType = sourcecode.c.objc; path = FMDatabase.m; sourceTree = "<group>"; };
		6EA54D0F1906B433000EDA5A /* FMDatabaseAdditions.h */ = {isa = PBXFileReference; fileEncoding = 4; lastKnownFileType = sourcecode.c.h; path = FMDatabaseAdditions.h; sourceTree = "<group>"; };
		6EA54D101906B433000EDA5A /* FMDatabaseAdditions.m */ = {isa = PBXFileReference; fileEncoding = 4; lastKnownFileType = sourcecode.c.objc; path = FMDatabaseAdditions.m; sourceTree = "<group>"; };
		6EA54D111906B433000EDA5A /* FMDatabasePool.h */ = {isa = PBXFileReference; fileEncoding = 4; lastKnownFileType = sourcecode.c.h; path = FMDatabasePool.h; sourceTree = "<group>"; };
		6EA54D121906B433000EDA5A /* FMDatabasePool.m */ = {isa = PBXFileReference; fileEncoding = 4; lastKnownFileType = sourcecode.c.objc; path = FMDatabasePool.m; sourceTree = "<group>"; };
		6EA54D131906B433000EDA5A /* FMDatabaseQueue.h */ = {isa = PBXFileReference; fileEncoding = 4; lastKnownFileType = sourcecode.c.h; path = FMDatabaseQueue.h; sourceTree = "<group>"; };
		6EA54D141906B433000EDA5A /* FMDatabaseQueue.m */ = {isa = PBXFileReference; fileEncoding = 4; lastKnownFileType = sourcecode.c.objc; path = FMDatabaseQueue.m; sourceTree = "<group>"; };
		6EA54D151906B433000EDA5A /* FMDB.h */ = {isa = PBXFileReference; fileEncoding = 4; lastKnownFileType = sourcecode.c.h; path = FMDB.h; sourceTree = "<group>"; };
		6EA54D161906B433000EDA5A /* FMResultSet.h */ = {isa = PBXFileReference; fileEncoding = 4; lastKnownFileType = sourcecode.c.h; path = FMResultSet.h; sourceTree = "<group>"; };
		6EA54D171906B433000EDA5A /* FMResultSet.m */ = {isa = PBXFileReference; fileEncoding = 4; lastKnownFileType = sourcecode.c.objc; path = FMResultSet.m; sourceTree = "<group>"; };
		6EA54D191906B433000EDA5A /* fmdb_Prefix.pch */ = {isa = PBXFileReference; fileEncoding = 4; lastKnownFileType = sourcecode.c.h; path = fmdb_Prefix.pch; sourceTree = "<group>"; };
		6EA54D1A1906B433000EDA5A /* main.m */ = {isa = PBXFileReference; fileEncoding = 4; lastKnownFileType = sourcecode.c.objc; path = main.m; sourceTree = "<group>"; };
		6EA54D1D1906B433000EDA5A /* en */ = {isa = PBXFileReference; lastKnownFileType = text.plist.strings; name = en; path = en.lproj/InfoPlist.strings; sourceTree = "<group>"; };
		6EA54D1E1906B433000EDA5A /* FMDatabaseAdditionsTests.m */ = {isa = PBXFileReference; fileEncoding = 4; lastKnownFileType = sourcecode.c.objc; path = FMDatabaseAdditionsTests.m; sourceTree = "<group>"; };
		6EA54D1F1906B433000EDA5A /* FMDatabasePoolTests.m */ = {isa = PBXFileReference; fileEncoding = 4; lastKnownFileType = sourcecode.c.objc; path = FMDatabasePoolTests.m; sourceTree = "<group>"; };
		6EA54D201906B433000EDA5A /* FMDatabaseQueueTests.m */ = {isa = PBXFileReference; fileEncoding = 4; lastKnownFileType = sourcecode.c.objc; path = FMDatabaseQueueTests.m; sourceTree = "<group>"; };
		6EA54D211906B433000EDA5A /* FMDatabaseTests.m */ = {isa = PBXFileReference; fileEncoding = 4; lastKnownFileType = sourcecode.c.objc; path = FMDatabaseTests.m; sourceTree = "<group>"; };
		6EA54D221906B433000EDA5A /* FMDBTempDBTests.h */ = {isa = PBXFileReference; fileEncoding = 4; lastKnownFileType = sourcecode.c.h; path = FMDBTempDBTests.h; sourceTree = "<group>"; };
		6EA54D231906B433000EDA5A /* FMDBTempDBTests.m */ = {isa = PBXFileReference; fileEncoding = 4; lastKnownFileType = sourcecode.c.objc; path = FMDBTempDBTests.m; sourceTree = "<group>"; };
		6EA54D251906B433000EDA5A /* Tests.xcscheme */ = {isa = PBXFileReference; fileEncoding = 4; lastKnownFileType = text.xml; path = Tests.xcscheme; sourceTree = "<group>"; };
		6EA54D261906B433000EDA5A /* Tests-Info.plist */ = {isa = PBXFileReference; fileEncoding = 4; lastKnownFileType = text.plist.xml; path = "Tests-Info.plist"; sourceTree = "<group>"; };
		6EA54D271906B433000EDA5A /* Tests-Prefix.pch */ = {isa = PBXFileReference; fileEncoding = 4; lastKnownFileType = sourcecode.c.h; path = "Tests-Prefix.pch"; sourceTree = "<group>"; };
		6EA54D521906B870000EDA5A /* libsqlite3.dylib */ = {isa = PBXFileReference; lastKnownFileType = "compiled.mach-o.dylib"; name = libsqlite3.dylib; path = usr/lib/libsqlite3.dylib; sourceTree = SDKROOT; };
		9D5A836C25BD48C4BE0BE695 /* libPods.a */ = {isa = PBXFileReference; explicitFileType = archive.ar; includeInIndex = 0; path = libPods.a; sourceTree = BUILT_PRODUCTS_DIR; };
/* End PBXFileReference section */

/* Begin PBXFrameworksBuildPhase section */
		6E441B6C18F6EC9200B17ABE /* Frameworks */ = {
			isa = PBXFrameworksBuildPhase;
			buildActionMask = 2147483647;
			files = (
				6EA54D531906B870000EDA5A /* libsqlite3.dylib in Frameworks */,
				6EA54D511906B847000EDA5A /* libFMDB-IOS.a in Frameworks */,
				6E441B7518F6EC9200B17ABE /* CoreGraphics.framework in Frameworks */,
				6E441B7718F6EC9200B17ABE /* UIKit.framework in Frameworks */,
				6E441B7318F6EC9200B17ABE /* Foundation.framework in Frameworks */,
			);
			runOnlyForDeploymentPostprocessing = 0;
		};
		6E441B8D18F6EC9300B17ABE /* Frameworks */ = {
			isa = PBXFrameworksBuildPhase;
			buildActionMask = 2147483647;
			files = (
				6E441B9218F6EC9300B17ABE /* XCTest.framework in Frameworks */,
				6E441B9418F6EC9300B17ABE /* UIKit.framework in Frameworks */,
				6E441B9318F6EC9300B17ABE /* Foundation.framework in Frameworks */,
			);
			runOnlyForDeploymentPostprocessing = 0;
		};
/* End PBXFrameworksBuildPhase section */

/* Begin PBXGroup section */
		6E441B6618F6EC9200B17ABE = {
			isa = PBXGroup;
			children = (
				6EA54CF31906B433000EDA5A /* submodule */,
				6E441B7818F6EC9200B17ABE /* FMDBExample */,
				6E441B9718F6EC9300B17ABE /* FMDBExampleTests */,
				6E441B7118F6EC9200B17ABE /* Frameworks */,
				6E441B7018F6EC9200B17ABE /* Products */,
				16ED15FA6F5E45FE89C9DFF2 /* Pods.xcconfig */,
			);
			sourceTree = "<group>";
		};
		6E441B7018F6EC9200B17ABE /* Products */ = {
			isa = PBXGroup;
			children = (
				6E441B6F18F6EC9200B17ABE /* FMDBExample.app */,
				6E441B9018F6EC9300B17ABE /* FMDBExampleTests.xctest */,
			);
			name = Products;
			sourceTree = "<group>";
		};
		6E441B7118F6EC9200B17ABE /* Frameworks */ = {
			isa = PBXGroup;
			children = (
				6EA54D521906B870000EDA5A /* libsqlite3.dylib */,
				6E441B7218F6EC9200B17ABE /* Foundation.framework */,
				6E441B7418F6EC9200B17ABE /* CoreGraphics.framework */,
				6E441B7618F6EC9200B17ABE /* UIKit.framework */,
				6E441B9118F6EC9300B17ABE /* XCTest.framework */,
				9D5A836C25BD48C4BE0BE695 /* libPods.a */,
			);
			name = Frameworks;
			sourceTree = "<group>";
		};
		6E441B7818F6EC9200B17ABE /* FMDBExample */ = {
			isa = PBXGroup;
			children = (
				6E441B8118F6EC9200B17ABE /* AppDelegate.h */,
				6E441B8218F6EC9200B17ABE /* AppDelegate.m */,
				6E441B8418F6EC9200B17ABE /* Main.storyboard */,
				6E441B8A18F6EC9200B17ABE /* Images.xcassets */,
				6E441B7918F6EC9200B17ABE /* Supporting Files */,
				6E441BA718F6F38400B17ABE /* TableViewController.h */,
				6E441BA818F6F38400B17ABE /* TableViewController.m */,
				6E441BAA18F6F8FA00B17ABE /* DataManager.h */,
				6E441BAB18F6F8FA00B17ABE /* DataManager.m */,
			);
			path = FMDBExample;
			sourceTree = "<group>";
		};
		6E441B7918F6EC9200B17ABE /* Supporting Files */ = {
			isa = PBXGroup;
			children = (
				6E441B7A18F6EC9200B17ABE /* FMDBExample-Info.plist */,
				6E441B7B18F6EC9200B17ABE /* InfoPlist.strings */,
				6E441B7E18F6EC9200B17ABE /* main.m */,
				6E441B8018F6EC9200B17ABE /* FMDBExample-Prefix.pch */,
			);
			name = "Supporting Files";
			sourceTree = "<group>";
		};
		6E441B9718F6EC9300B17ABE /* FMDBExampleTests */ = {
			isa = PBXGroup;
			children = (
				6E441B9D18F6EC9300B17ABE /* FMDBExampleTests.m */,
				6E441B9818F6EC9300B17ABE /* Supporting Files */,
			);
			path = FMDBExampleTests;
			sourceTree = "<group>";
		};
		6E441B9818F6EC9300B17ABE /* Supporting Files */ = {
			isa = PBXGroup;
			children = (
				6E441B9918F6EC9300B17ABE /* FMDBExampleTests-Info.plist */,
				6E441B9A18F6EC9300B17ABE /* InfoPlist.strings */,
			);
			name = "Supporting Files";
			sourceTree = "<group>";
		};
		6EA54CF31906B433000EDA5A /* submodule */ = {
			isa = PBXGroup;
			children = (
				6EA54CF41906B433000EDA5A /* fmdb */,
			);
			path = submodule;
			sourceTree = "<group>";
		};
		6EA54CF41906B433000EDA5A /* fmdb */ = {
			isa = PBXGroup;
			children = (
				6EA54CF51906B433000EDA5A /* .gitignore */,
				6EA54CF61906B433000EDA5A /* .travis.yml */,
				6EA54CF71906B433000EDA5A /* CHANGES_AND_TODO_LIST.txt */,
				6EA54CF81906B433000EDA5A /* CONTRIBUTORS.txt */,
				6EA54CF91906B433000EDA5A /* fmdb.1 */,
				6EA54CFA1906B433000EDA5A /* fmdb.podspec */,
				6EA54CFB1906B433000EDA5A /* fmdb.xcodeproj */,
				6EA54CFE1906B433000EDA5A /* LICENSE.txt */,
				6EA54CFF1906B433000EDA5A /* README.markdown */,
				6EA54D001906B433000EDA5A /* src */,
				6EA54D1B1906B433000EDA5A /* Tests */,
			);
			path = fmdb;
			sourceTree = "<group>";
		};
		6EA54CFC1906B433000EDA5A /* Products */ = {
			isa = PBXGroup;
			children = (
				6EA54D471906B434000EDA5A /* fmdb */,
				6EA54D491906B434000EDA5A /* libFMDB.a */,
				6EA54D4B1906B434000EDA5A /* Tests.xctest */,
				6EA54D4D1906B434000EDA5A /* libFMDB-IOS.a */,
			);
			name = Products;
			sourceTree = "<group>";
		};
		6EA54D001906B433000EDA5A /* src */ = {
			isa = PBXGroup;
			children = (
				6EA54D011906B433000EDA5A /* extra */,
				6EA54D0C1906B433000EDA5A /* fmdb */,
				6EA54D181906B433000EDA5A /* sample */,
			);
			path = src;
			sourceTree = "<group>";
		};
		6EA54D011906B433000EDA5A /* extra */ = {
			isa = PBXGroup;
			children = (
				6EA54D021906B433000EDA5A /* FMDatabase+InMemoryOnDiskIO.h */,
				6EA54D031906B433000EDA5A /* FMDatabase+InMemoryOnDiskIO.m */,
				6EA54D041906B433000EDA5A /* FMStatementSplitter */,
			);
			path = extra;
			sourceTree = "<group>";
		};
		6EA54D041906B433000EDA5A /* FMStatementSplitter */ = {
			isa = PBXGroup;
			children = (
				6EA54D051906B433000EDA5A /* FMSQLStatementSplitter.h */,
				6EA54D061906B433000EDA5A /* FMSQLStatementSplitter.m */,
				6EA54D071906B433000EDA5A /* FMStatementKeywordRecogniser.h */,
				6EA54D081906B433000EDA5A /* FMStatementKeywordRecogniser.m */,
				6EA54D091906B433000EDA5A /* FMStatementQuotedRecogniser.h */,
				6EA54D0A1906B433000EDA5A /* FMStatementQuotedRecogniser.m */,
				6EA54D0B1906B433000EDA5A /* FMStatementTokenRecogniser.h */,
			);
			path = FMStatementSplitter;
			sourceTree = "<group>";
		};
		6EA54D0C1906B433000EDA5A /* fmdb */ = {
			isa = PBXGroup;
			children = (
				6EA54D0D1906B433000EDA5A /* FMDatabase.h */,
				6EA54D0E1906B433000EDA5A /* FMDatabase.m */,
				6EA54D0F1906B433000EDA5A /* FMDatabaseAdditions.h */,
				6EA54D101906B433000EDA5A /* FMDatabaseAdditions.m */,
				6EA54D111906B433000EDA5A /* FMDatabasePool.h */,
				6EA54D121906B433000EDA5A /* FMDatabasePool.m */,
				6EA54D131906B433000EDA5A /* FMDatabaseQueue.h */,
				6EA54D141906B433000EDA5A /* FMDatabaseQueue.m */,
				6EA54D151906B433000EDA5A /* FMDB.h */,
				6EA54D161906B433000EDA5A /* FMResultSet.h */,
				6EA54D171906B433000EDA5A /* FMResultSet.m */,
			);
			path = fmdb;
			sourceTree = "<group>";
		};
		6EA54D181906B433000EDA5A /* sample */ = {
			isa = PBXGroup;
			children = (
				6EA54D191906B433000EDA5A /* fmdb_Prefix.pch */,
				6EA54D1A1906B433000EDA5A /* main.m */,
			);
			path = sample;
			sourceTree = "<group>";
		};
		6EA54D1B1906B433000EDA5A /* Tests */ = {
			isa = PBXGroup;
			children = (
				6EA54D1C1906B433000EDA5A /* InfoPlist.strings */,
				6EA54D1E1906B433000EDA5A /* FMDatabaseAdditionsTests.m */,
				6EA54D1F1906B433000EDA5A /* FMDatabasePoolTests.m */,
				6EA54D201906B433000EDA5A /* FMDatabaseQueueTests.m */,
				6EA54D211906B433000EDA5A /* FMDatabaseTests.m */,
				6EA54D221906B433000EDA5A /* FMDBTempDBTests.h */,
				6EA54D231906B433000EDA5A /* FMDBTempDBTests.m */,
				6EA54D241906B433000EDA5A /* Schemes */,
				6EA54D261906B433000EDA5A /* Tests-Info.plist */,
				6EA54D271906B433000EDA5A /* Tests-Prefix.pch */,
			);
			path = Tests;
			sourceTree = "<group>";
		};
		6EA54D241906B433000EDA5A /* Schemes */ = {
			isa = PBXGroup;
			children = (
				6EA54D251906B433000EDA5A /* Tests.xcscheme */,
			);
			path = Schemes;
			sourceTree = "<group>";
		};
/* End PBXGroup section */

/* Begin PBXNativeTarget section */
		6E441B6E18F6EC9200B17ABE /* FMDBExample */ = {
			isa = PBXNativeTarget;
			buildConfigurationList = 6E441BA118F6EC9300B17ABE /* Build configuration list for PBXNativeTarget "FMDBExample" */;
			buildPhases = (
				6E441B6B18F6EC9200B17ABE /* Sources */,
				6E441B6C18F6EC9200B17ABE /* Frameworks */,
				6E441B6D18F6EC9200B17ABE /* Resources */,
			);
			buildRules = (
			);
			dependencies = (
				6EA54D4F1906B446000EDA5A /* PBXTargetDependency */,
			);
			name = FMDBExample;
			productName = FMDBExample;
			productReference = 6E441B6F18F6EC9200B17ABE /* FMDBExample.app */;
			productType = "com.apple.product-type.application";
		};
		6E441B8F18F6EC9300B17ABE /* FMDBExampleTests */ = {
			isa = PBXNativeTarget;
			buildConfigurationList = 6E441BA418F6EC9300B17ABE /* Build configuration list for PBXNativeTarget "FMDBExampleTests" */;
			buildPhases = (
				6E441B8C18F6EC9300B17ABE /* Sources */,
				6E441B8D18F6EC9300B17ABE /* Frameworks */,
				6E441B8E18F6EC9300B17ABE /* Resources */,
			);
			buildRules = (
			);
			dependencies = (
				6E441B9618F6EC9300B17ABE /* PBXTargetDependency */,
			);
			name = FMDBExampleTests;
			productName = FMDBExampleTests;
			productReference = 6E441B9018F6EC9300B17ABE /* FMDBExampleTests.xctest */;
			productType = "com.apple.product-type.bundle.unit-test";
		};
/* End PBXNativeTarget section */

/* Begin PBXProject section */
		6E441B6718F6EC9200B17ABE /* Project object */ = {
			isa = PBXProject;
			attributes = {
				LastUpgradeCheck = 0510;
				ORGANIZATIONNAME = "Naoyuki Takura";
				TargetAttributes = {
					6E441B8F18F6EC9300B17ABE = {
						TestTargetID = 6E441B6E18F6EC9200B17ABE;
					};
				};
			};
			buildConfigurationList = 6E441B6A18F6EC9200B17ABE /* Build configuration list for PBXProject "FMDBExample" */;
			compatibilityVersion = "Xcode 3.2";
			developmentRegion = English;
			hasScannedForEncodings = 0;
			knownRegions = (
				en,
				Base,
			);
			mainGroup = 6E441B6618F6EC9200B17ABE;
			productRefGroup = 6E441B7018F6EC9200B17ABE /* Products */;
			projectDirPath = "";
			projectReferences = (
				{
					ProductGroup = 6EA54CFC1906B433000EDA5A /* Products */;
					ProjectRef = 6EA54CFB1906B433000EDA5A /* fmdb.xcodeproj */;
				},
			);
			projectRoot = "";
			targets = (
				6E441B6E18F6EC9200B17ABE /* FMDBExample */,
				6E441B8F18F6EC9300B17ABE /* FMDBExampleTests */,
			);
		};
/* End PBXProject section */

/* Begin PBXReferenceProxy section */
		6EA54D471906B434000EDA5A /* fmdb */ = {
			isa = PBXReferenceProxy;
			fileType = "compiled.mach-o.executable";
			path = fmdb;
			remoteRef = 6EA54D461906B434000EDA5A /* PBXContainerItemProxy */;
			sourceTree = BUILT_PRODUCTS_DIR;
		};
		6EA54D491906B434000EDA5A /* libFMDB.a */ = {
			isa = PBXReferenceProxy;
			fileType = archive.ar;
			path = libFMDB.a;
			remoteRef = 6EA54D481906B434000EDA5A /* PBXContainerItemProxy */;
			sourceTree = BUILT_PRODUCTS_DIR;
		};
		6EA54D4B1906B434000EDA5A /* Tests.xctest */ = {
			isa = PBXReferenceProxy;
			fileType = wrapper.cfbundle;
			path = Tests.xctest;
			remoteRef = 6EA54D4A1906B434000EDA5A /* PBXContainerItemProxy */;
			sourceTree = BUILT_PRODUCTS_DIR;
		};
		6EA54D4D1906B434000EDA5A /* libFMDB-IOS.a */ = {
			isa = PBXReferenceProxy;
			fileType = archive.ar;
			path = "libFMDB-IOS.a";
			remoteRef = 6EA54D4C1906B434000EDA5A /* PBXContainerItemProxy */;
			sourceTree = BUILT_PRODUCTS_DIR;
		};
/* End PBXReferenceProxy section */

/* Begin PBXResourcesBuildPhase section */
		6E441B6D18F6EC9200B17ABE /* Resources */ = {
			isa = PBXResourcesBuildPhase;
			buildActionMask = 2147483647;
			files = (
				6E441B8B18F6EC9200B17ABE /* Images.xcassets in Resources */,
				6E441B7D18F6EC9200B17ABE /* InfoPlist.strings in Resources */,
				6E441B8618F6EC9200B17ABE /* Main.storyboard in Resources */,
			);
			runOnlyForDeploymentPostprocessing = 0;
		};
		6E441B8E18F6EC9300B17ABE /* Resources */ = {
			isa = PBXResourcesBuildPhase;
			buildActionMask = 2147483647;
			files = (
				6E441B9C18F6EC9300B17ABE /* InfoPlist.strings in Resources */,
			);
			runOnlyForDeploymentPostprocessing = 0;
		};
/* End PBXResourcesBuildPhase section */

/* Begin PBXSourcesBuildPhase section */
		6E441B6B18F6EC9200B17ABE /* Sources */ = {
			isa = PBXSourcesBuildPhase;
			buildActionMask = 2147483647;
			files = (
				6E441B8318F6EC9200B17ABE /* AppDelegate.m in Sources */,
				6E441BAC18F6F8FA00B17ABE /* DataManager.m in Sources */,
				6E441BA918F6F38400B17ABE /* TableViewController.m in Sources */,
				6E441B7F18F6EC9200B17ABE /* main.m in Sources */,
			);
			runOnlyForDeploymentPostprocessing = 0;
		};
		6E441B8C18F6EC9300B17ABE /* Sources */ = {
			isa = PBXSourcesBuildPhase;
			buildActionMask = 2147483647;
			files = (
				6E441B9E18F6EC9300B17ABE /* FMDBExampleTests.m in Sources */,
			);
			runOnlyForDeploymentPostprocessing = 0;
		};
/* End PBXSourcesBuildPhase section */

/* Begin PBXTargetDependency section */
		6E441B9618F6EC9300B17ABE /* PBXTargetDependency */ = {
			isa = PBXTargetDependency;
			target = 6E441B6E18F6EC9200B17ABE /* FMDBExample */;
			targetProxy = 6E441B9518F6EC9300B17ABE /* PBXContainerItemProxy */;
		};
		6EA54D4F1906B446000EDA5A /* PBXTargetDependency */ = {
			isa = PBXTargetDependency;
			name = "FMDB-IOS";
			targetProxy = 6EA54D4E1906B446000EDA5A /* PBXContainerItemProxy */;
		};
/* End PBXTargetDependency section */

/* Begin PBXVariantGroup section */
		6E441B7B18F6EC9200B17ABE /* InfoPlist.strings */ = {
			isa = PBXVariantGroup;
			children = (
				6E441B7C18F6EC9200B17ABE /* en */,
			);
			name = InfoPlist.strings;
			sourceTree = "<group>";
		};
		6E441B8418F6EC9200B17ABE /* Main.storyboard */ = {
			isa = PBXVariantGroup;
			children = (
				6E441B8518F6EC9200B17ABE /* Base */,
			);
			name = Main.storyboard;
			sourceTree = "<group>";
		};
		6E441B9A18F6EC9300B17ABE /* InfoPlist.strings */ = {
			isa = PBXVariantGroup;
			children = (
				6E441B9B18F6EC9300B17ABE /* en */,
			);
			name = InfoPlist.strings;
			sourceTree = "<group>";
		};
		6EA54D1C1906B433000EDA5A /* InfoPlist.strings */ = {
			isa = PBXVariantGroup;
			children = (
				6EA54D1D1906B433000EDA5A /* en */,
			);
			name = InfoPlist.strings;
			sourceTree = "<group>";
		};
/* End PBXVariantGroup section */

/* Begin XCBuildConfiguration section */
		6E441B9F18F6EC9300B17ABE /* Debug */ = {
			isa = XCBuildConfiguration;
			buildSettings = {
				ALWAYS_SEARCH_USER_PATHS = NO;
				CLANG_CXX_LANGUAGE_STANDARD = "gnu++0x";
				CLANG_CXX_LIBRARY = "libc++";
				CLANG_ENABLE_MODULES = YES;
				CLANG_ENABLE_OBJC_ARC = YES;
				CLANG_WARN_BOOL_CONVERSION = YES;
				CLANG_WARN_CONSTANT_CONVERSION = YES;
				CLANG_WARN_DIRECT_OBJC_ISA_USAGE = YES_ERROR;
				CLANG_WARN_EMPTY_BODY = YES;
				CLANG_WARN_ENUM_CONVERSION = YES;
				CLANG_WARN_INT_CONVERSION = YES;
				CLANG_WARN_OBJC_ROOT_CLASS = YES_ERROR;
				CLANG_WARN__DUPLICATE_METHOD_MATCH = YES;
				"CODE_SIGN_IDENTITY[sdk=iphoneos*]" = "iPhone Developer";
				COPY_PHASE_STRIP = NO;
				GCC_C_LANGUAGE_STANDARD = gnu99;
				GCC_DYNAMIC_NO_PIC = NO;
				GCC_OPTIMIZATION_LEVEL = 0;
				GCC_PREPROCESSOR_DEFINITIONS = (
					"DEBUG=1",
					"$(inherited)",
				);
				GCC_SYMBOLS_PRIVATE_EXTERN = NO;
				GCC_WARN_64_TO_32_BIT_CONVERSION = YES;
				GCC_WARN_ABOUT_RETURN_TYPE = YES_ERROR;
				GCC_WARN_UNDECLARED_SELECTOR = YES;
				GCC_WARN_UNINITIALIZED_AUTOS = YES_AGGRESSIVE;
				GCC_WARN_UNUSED_FUNCTION = YES;
				GCC_WARN_UNUSED_VARIABLE = YES;
				IPHONEOS_DEPLOYMENT_TARGET = 7.1;
				ONLY_ACTIVE_ARCH = YES;
				SDKROOT = iphoneos;
			};
			name = Debug;
		};
		6E441BA018F6EC9300B17ABE /* Release */ = {
			isa = XCBuildConfiguration;
			buildSettings = {
				ALWAYS_SEARCH_USER_PATHS = NO;
				CLANG_CXX_LANGUAGE_STANDARD = "gnu++0x";
				CLANG_CXX_LIBRARY = "libc++";
				CLANG_ENABLE_MODULES = YES;
				CLANG_ENABLE_OBJC_ARC = YES;
				CLANG_WARN_BOOL_CONVERSION = YES;
				CLANG_WARN_CONSTANT_CONVERSION = YES;
				CLANG_WARN_DIRECT_OBJC_ISA_USAGE = YES_ERROR;
				CLANG_WARN_EMPTY_BODY = YES;
				CLANG_WARN_ENUM_CONVERSION = YES;
				CLANG_WARN_INT_CONVERSION = YES;
				CLANG_WARN_OBJC_ROOT_CLASS = YES_ERROR;
				CLANG_WARN__DUPLICATE_METHOD_MATCH = YES;
				"CODE_SIGN_IDENTITY[sdk=iphoneos*]" = "iPhone Developer";
				COPY_PHASE_STRIP = YES;
				ENABLE_NS_ASSERTIONS = NO;
				GCC_C_LANGUAGE_STANDARD = gnu99;
				GCC_WARN_64_TO_32_BIT_CONVERSION = YES;
				GCC_WARN_ABOUT_RETURN_TYPE = YES_ERROR;
				GCC_WARN_UNDECLARED_SELECTOR = YES;
				GCC_WARN_UNINITIALIZED_AUTOS = YES_AGGRESSIVE;
				GCC_WARN_UNUSED_FUNCTION = YES;
				GCC_WARN_UNUSED_VARIABLE = YES;
				IPHONEOS_DEPLOYMENT_TARGET = 7.1;
				SDKROOT = iphoneos;
				VALIDATE_PRODUCT = YES;
			};
			name = Release;
		};
		6E441BA218F6EC9300B17ABE /* Debug */ = {
			isa = XCBuildConfiguration;
			buildSettings = {
				ASSETCATALOG_COMPILER_APPICON_NAME = AppIcon;
				ASSETCATALOG_COMPILER_LAUNCHIMAGE_NAME = LaunchImage;
				GCC_PRECOMPILE_PREFIX_HEADER = YES;
				GCC_PREFIX_HEADER = "FMDBExample/FMDBExample-Prefix.pch";
				INFOPLIST_FILE = "FMDBExample/FMDBExample-Info.plist";
				PRODUCT_NAME = "$(TARGET_NAME)";
				WRAPPER_EXTENSION = app;
			};
			name = Debug;
		};
		6E441BA318F6EC9300B17ABE /* Release */ = {
			isa = XCBuildConfiguration;
			buildSettings = {
				ASSETCATALOG_COMPILER_APPICON_NAME = AppIcon;
				ASSETCATALOG_COMPILER_LAUNCHIMAGE_NAME = LaunchImage;
				GCC_PRECOMPILE_PREFIX_HEADER = YES;
				GCC_PREFIX_HEADER = "FMDBExample/FMDBExample-Prefix.pch";
				INFOPLIST_FILE = "FMDBExample/FMDBExample-Info.plist";
				PRODUCT_NAME = "$(TARGET_NAME)";
				WRAPPER_EXTENSION = app;
			};
			name = Release;
		};
		6E441BA518F6EC9300B17ABE /* Debug */ = {
			isa = XCBuildConfiguration;
			buildSettings = {
				BUNDLE_LOADER = "$(BUILT_PRODUCTS_DIR)/FMDBExample.app/FMDBExample";
				FRAMEWORK_SEARCH_PATHS = (
					"$(SDKROOT)/Developer/Library/Frameworks",
					"$(inherited)",
					"$(DEVELOPER_FRAMEWORKS_DIR)",
				);
				GCC_PRECOMPILE_PREFIX_HEADER = YES;
				GCC_PREFIX_HEADER = "FMDBExample/FMDBExample-Prefix.pch";
				GCC_PREPROCESSOR_DEFINITIONS = (
					"DEBUG=1",
					"$(inherited)",
				);
				INFOPLIST_FILE = "FMDBExampleTests/FMDBExampleTests-Info.plist";
				PRODUCT_NAME = "$(TARGET_NAME)";
				TEST_HOST = "$(BUNDLE_LOADER)";
				WRAPPER_EXTENSION = xctest;
			};
			name = Debug;
		};
		6E441BA618F6EC9300B17ABE /* Release */ = {
			isa = XCBuildConfiguration;
			buildSettings = {
				BUNDLE_LOADER = "$(BUILT_PRODUCTS_DIR)/FMDBExample.app/FMDBExample";
				FRAMEWORK_SEARCH_PATHS = (
					"$(SDKROOT)/Developer/Library/Frameworks",
					"$(inherited)",
					"$(DEVELOPER_FRAMEWORKS_DIR)",
				);
				GCC_PRECOMPILE_PREFIX_HEADER = YES;
				GCC_PREFIX_HEADER = "FMDBExample/FMDBExample-Prefix.pch";
				INFOPLIST_FILE = "FMDBExampleTests/FMDBExampleTests-Info.plist";
				PRODUCT_NAME = "$(TARGET_NAME)";
				TEST_HOST = "$(BUNDLE_LOADER)";
				WRAPPER_EXTENSION = xctest;
			};
			name = Release;
		};
/* End XCBuildConfiguration section */

/* Begin XCConfigurationList section */
		6E441B6A18F6EC9200B17ABE /* Build configuration list for PBXProject "FMDBExample" */ = {
			isa = XCConfigurationList;
			buildConfigurations = (
				6E441B9F18F6EC9300B17ABE /* Debug */,
				6E441BA018F6EC9300B17ABE /* Release */,
			);
			defaultConfigurationIsVisible = 0;
			defaultConfigurationName = Release;
		};
		6E441BA118F6EC9300B17ABE /* Build configuration list for PBXNativeTarget "FMDBExample" */ = {
			isa = XCConfigurationList;
			buildConfigurations = (
				6E441BA218F6EC9300B17ABE /* Debug */,
				6E441BA318F6EC9300B17ABE /* Release */,
			);
			defaultConfigurationIsVisible = 0;
			defaultConfigurationName = Release;
		};
		6E441BA418F6EC9300B17ABE /* Build configuration list for PBXNativeTarget "FMDBExampleTests" */ = {
			isa = XCConfigurationList;
			buildConfigurations = (
				6E441BA518F6EC9300B17ABE /* Debug */,
				6E441BA618F6EC9300B17ABE /* Release */,
			);
			defaultConfigurationIsVisible = 0;
			defaultConfigurationName = Release;
		};
/* End XCConfigurationList section */
	};
	rootObject = 6E441B6718F6EC9200B17ABE /* Project object */;
}
